
Microsoft Visual Studio Solution File, Format Version 12.00
# Visual Studio Version 17
VisualStudioVersion = 17.6.33829.357
MinimumVisualStudioVersion = 10.0.40219.1
Project("{FAE04EC0-301F-11D3-BF4B-00C04F79EFBC}") = "CompositeFilter", "CompositeFilter\CompositeFilter.csproj", "{80F264CB-67D6-4289-B3F2-E09A14240FB3}"
EndProject
Global
	GlobalSection(SolutionConfigurationPlatforms) = preSolution
		Debug|Any CPU = Debug|Any CPU
		Release|Any CPU = Release|Any CPU
	EndGlobalSection
	GlobalSection(ProjectConfigurationPlatforms) = postSolution
		{80F264CB-67D6-4289-B3F2-E09A14240FB3}.Debug|Any CPU.ActiveCfg = Debug|Any CPU
		{80F264CB-67D6-4289-B3F2-E09A14240FB3}.Debug|Any CPU.Build.0 = Debug|Any CPU
		{80F264CB-67D6-4289-B3F2-E09A14240FB3}.Release|Any CPU.ActiveCfg = Release|Any CPU
		{80F264CB-67D6-4289-B3F2-E09A14240FB3}.Release|Any CPU.Build.0 = Release|Any CPU
	EndGlobalSection
	GlobalSection(SolutionProperties) = preSolution
		HideSolutionNode = FALSE
	EndGlobalSection
	GlobalSection(ExtensibilityGlobals) = postSolution
		SolutionGuid = {FD22477D-E985-4629-A275-7F7F16831246}
	EndGlobalSection
EndGlobal
